
Microsoft Visual Studio Solution File, Format Version 12.00
# Visual Studio Version 17
VisualStudioVersion = 17.14.35821.62 d17.14
MinimumVisualStudioVersion = 10.0.40219.1
Project("{8BC9CEB8-8B4A-11D0-8D11-00A0C91BC942}") = "1 Letters", "1 Letters\1 Letters.vcxproj", "{5C03140E-1175-43CA-8F41-8562CBA4E553}"
EndProject
Project("{8BC9CEB8-8B4A-11D0-8D11-00A0C91BC942}") = "2 Rust", "..\..\2 Rust\2 Rust.vcxproj", "{B8505F5B-3F07-4978-ACFC-8D53196AC83A}"
EndProject
Project("{8BC9CEB8-8B4A-11D0-8D11-00A0C91BC942}") = "3 Matching Locations", "..\..\3 Matching Locations\3 Matching Locations.vcxproj", "{6F37481D-F20C-4125-8868-3BB8006D3B43}"
EndProject
Global
	GlobalSection(SolutionConfigurationPlatforms) = preSolution
		Debug|x64 = Debug|x64
		Debug|x86 = Debug|x86
		Release|x64 = Release|x64
		Release|x86 = Release|x86
	EndGlobalSection
	GlobalSection(ProjectConfigurationPlatforms) = postSolution
		{5C03140E-1175-43CA-8F41-8562CBA4E553}.Debug|x64.ActiveCfg = Debug|x64
		{5C03140E-1175-43CA-8F41-8562CBA4E553}.Debug|x64.Build.0 = Debug|x64
		{5C03140E-1175-43CA-8F41-8562CBA4E553}.Debug|x86.ActiveCfg = Debug|Win32
		{5C03140E-1175-43CA-8F41-8562CBA4E553}.Debug|x86.Build.0 = Debug|Win32
		{5C03140E-1175-43CA-8F41-8562CBA4E553}.Release|x64.ActiveCfg = Release|x64
		{5C03140E-1175-43CA-8F41-8562CBA4E553}.Release|x64.Build.0 = Release|x64
		{5C03140E-1175-43CA-8F41-8562CBA4E553}.Release|x86.ActiveCfg = Release|Win32
		{5C03140E-1175-43CA-8F41-8562CBA4E553}.Release|x86.Build.0 = Release|Win32
		{B8505F5B-3F07-4978-ACFC-8D53196AC83A}.Debug|x64.ActiveCfg = Debug|x64
		{B8505F5B-3F07-4978-ACFC-8D53196AC83A}.Debug|x64.Build.0 = Debug|x64
		{B8505F5B-3F07-4978-ACFC-8D53196AC83A}.Debug|x86.ActiveCfg = Debug|Win32
		{B8505F5B-3F07-4978-ACFC-8D53196AC83A}.Debug|x86.Build.0 = Debug|Win32
		{B8505F5B-3F07-4978-ACFC-8D53196AC83A}.Release|x64.ActiveCfg = Release|x64
		{B8505F5B-3F07-4978-ACFC-8D53196AC83A}.Release|x64.Build.0 = Release|x64
		{B8505F5B-3F07-4978-ACFC-8D53196AC83A}.Release|x86.ActiveCfg = Release|Win32
		{B8505F5B-3F07-4978-ACFC-8D53196AC83A}.Release|x86.Build.0 = Release|Win32
		{6F37481D-F20C-4125-8868-3BB8006D3B43}.Debug|x64.ActiveCfg = Debug|x64
		{6F37481D-F20C-4125-8868-3BB8006D3B43}.Debug|x64.Build.0 = Debug|x64
		{6F37481D-F20C-4125-8868-3BB8006D3B43}.Debug|x86.ActiveCfg = Debug|Win32
		{6F37481D-F20C-4125-8868-3BB8006D3B43}.Debug|x86.Build.0 = Debug|Win32
		{6F37481D-F20C-4125-8868-3BB8006D3B43}.Release|x64.ActiveCfg = Release|x64
		{6F37481D-F20C-4125-8868-3BB8006D3B43}.Release|x64.Build.0 = Release|x64
		{6F37481D-F20C-4125-8868-3BB8006D3B43}.Release|x86.ActiveCfg = Release|Win32
		{6F37481D-F20C-4125-8868-3BB8006D3B43}.Release|x86.Build.0 = Release|Win32
	EndGlobalSection
	GlobalSection(SolutionProperties) = preSolution
		HideSolutionNode = FALSE
	EndGlobalSection
	GlobalSection(ExtensibilityGlobals) = postSolution
		SolutionGuid = {46812B67-CB5D-4233-AA8D-E27F64FF1D8A}
	EndGlobalSection
EndGlobal
